
Microsoft Visual Studio Solution File, Format Version 12.00
# Visual Studio Version 16
VisualStudioVersion = 16.0.29519.87
MinimumVisualStudioVersion = 10.0.40219.1
Project("{FAE04EC0-301F-11D3-BF4B-00C04F79EFBC}") = "kart_06_12_2019", "kart_06_12_2019\kart_06_12_2019.csproj", "{BEB66CBF-054B-404E-8D30-72CD5BF29CFB}"
EndProject
Global
	GlobalSection(SolutionConfigurationPlatforms) = preSolution
		Debug|Any CPU = Debug|Any CPU
		Release|Any CPU = Release|Any CPU
	EndGlobalSection
	GlobalSection(ProjectConfigurationPlatforms) = postSolution
		{BEB66CBF-054B-404E-8D30-72CD5BF29CFB}.Debug|Any CPU.ActiveCfg = Debug|Any CPU
		{BEB66CBF-054B-404E-8D30-72CD5BF29CFB}.Debug|Any CPU.Build.0 = Debug|Any CPU
		{BEB66CBF-054B-404E-8D30-72CD5BF29CFB}.Release|Any CPU.ActiveCfg = Release|Any CPU
		{BEB66CBF-054B-404E-8D30-72CD5BF29CFB}.Release|Any CPU.Build.0 = Release|Any CPU
	EndGlobalSection
	GlobalSection(SolutionProperties) = preSolution
		HideSolutionNode = FALSE
	EndGlobalSection
	GlobalSection(ExtensibilityGlobals) = postSolution
		SolutionGuid = {76E1526E-D740-4AB3-A472-78BE98469357}
	EndGlobalSection
EndGlobal
